
Microsoft Visual Studio Solution File, Format Version 12.00
# Visual Studio Version 16
VisualStudioVersion = 16.0.31729.503
MinimumVisualStudioVersion = 10.0.40219.1
Project("{FAE04EC0-301F-11D3-BF4B-00C04F79EFBC}") = "WeatherApp", "WeatherApp\WeatherApp.csproj", "{6AB1DCDD-EA51-41C7-8C3D-0C172D200AFE}"
EndProject
Global
	GlobalSection(SolutionConfigurationPlatforms) = preSolution
		Debug|Any CPU = Debug|Any CPU
		Release|Any CPU = Release|Any CPU
	EndGlobalSection
	GlobalSection(ProjectConfigurationPlatforms) = postSolution
		{6AB1DCDD-EA51-41C7-8C3D-0C172D200AFE}.Debug|Any CPU.ActiveCfg = Debug|Any CPU
		{6AB1DCDD-EA51-41C7-8C3D-0C172D200AFE}.Debug|Any CPU.Build.0 = Debug|Any CPU
		{6AB1DCDD-EA51-41C7-8C3D-0C172D200AFE}.Debug|Any CPU.Deploy.0 = Debug|Any CPU
		{6AB1DCDD-EA51-41C7-8C3D-0C172D200AFE}.Release|Any CPU.ActiveCfg = Release|Any CPU
		{6AB1DCDD-EA51-41C7-8C3D-0C172D200AFE}.Release|Any CPU.Build.0 = Release|Any CPU
		{6AB1DCDD-EA51-41C7-8C3D-0C172D200AFE}.Release|Any CPU.Deploy.0 = Release|Any CPU
	EndGlobalSection
	GlobalSection(SolutionProperties) = preSolution
		HideSolutionNode = FALSE
	EndGlobalSection
	GlobalSection(ExtensibilityGlobals) = postSolution
		SolutionGuid = {6F31A695-05B8-49CA-A1D6-6472EA5F8EBE}
	EndGlobalSection
EndGlobal
